
Microsoft Visual Studio Solution File, Format Version 12.00
# Visual Studio Version 17
VisualStudioVersion = 17.0.32014.148
MinimumVisualStudioVersion = 10.0.40219.1
Project("{FAE04EC0-301F-11D3-BF4B-00C04F79EFBC}") = "ZuseMe", "ZuseMe\ZuseMe.csproj", "{E44FAC12-6D6D-438E-9CF5-312F7875AAB5}"
EndProject
Project("{FAE04EC0-301F-11D3-BF4B-00C04F79EFBC}") = "ArnoldVinkCode", "..\..\ArnoldVinkCode\Desktop\ArnoldVinkCode.csproj", "{478ED5D3-38AF-47FC-AE14-B67976AB952C}"
EndProject
Global
	GlobalSection(SolutionConfigurationPlatforms) = preSolution
		Debug|Any CPU = Debug|Any CPU
		Release|Any CPU = Release|Any CPU
	EndGlobalSection
	GlobalSection(ProjectConfigurationPlatforms) = postSolution
		{E44FAC12-6D6D-438E-9CF5-312F7875AAB5}.Debug|Any CPU.ActiveCfg = Debug|Any CPU
		{E44FAC12-6D6D-438E-9CF5-312F7875AAB5}.Debug|Any CPU.Build.0 = Debug|Any CPU
		{E44FAC12-6D6D-438E-9CF5-312F7875AAB5}.Release|Any CPU.ActiveCfg = Release|Any CPU
		{E44FAC12-6D6D-438E-9CF5-312F7875AAB5}.Release|Any CPU.Build.0 = Release|Any CPU
		{478ED5D3-38AF-47FC-AE14-B67976AB952C}.Debug|Any CPU.ActiveCfg = Debug|Any CPU
		{478ED5D3-38AF-47FC-AE14-B67976AB952C}.Debug|Any CPU.Build.0 = Debug|Any CPU
		{478ED5D3-38AF-47FC-AE14-B67976AB952C}.Release|Any CPU.ActiveCfg = Release|Any CPU
		{478ED5D3-38AF-47FC-AE14-B67976AB952C}.Release|Any CPU.Build.0 = Release|Any CPU
	EndGlobalSection
	GlobalSection(SolutionProperties) = preSolution
		HideSolutionNode = FALSE
	EndGlobalSection
	GlobalSection(ExtensibilityGlobals) = postSolution
		SolutionGuid = {358A3D6C-C592-4885-AF52-A1E29A9F914F}
	EndGlobalSection
EndGlobal
